
Microsoft Visual Studio Solution File, Format Version 12.00
# Visual Studio Version 16
VisualStudioVersion = 16.0.31605.320
MinimumVisualStudioVersion = 10.0.40219.1
Project("{8BC9CEB8-8B4A-11D0-8D11-00A0C91BC942}") = "PRJ2PCApplication", "PRJ2PCApplication\PRJ2PCApplication.vcxproj", "{83D0C3BA-56FE-490F-9273-37EA2AD933E6}"
EndProject
Project("{8BC9CEB8-8B4A-11D0-8D11-00A0C91BC942}") = "ArduinoCommunication", "ArduinoCommunication\ArduinoCommunication.vcxproj", "{6D711928-C511-4F8C-94D9-C7174B629628}"
EndProject
Global
	GlobalSection(SolutionConfigurationPlatforms) = preSolution
		Debug|x64 = Debug|x64
		Debug|x86 = Debug|x86
		Release|x64 = Release|x64
		Release|x86 = Release|x86
	EndGlobalSection
	GlobalSection(ProjectConfigurationPlatforms) = postSolution
		{83D0C3BA-56FE-490F-9273-37EA2AD933E6}.Debug|x64.ActiveCfg = Debug|x64
		{83D0C3BA-56FE-490F-9273-37EA2AD933E6}.Debug|x64.Build.0 = Debug|x64
		{83D0C3BA-56FE-490F-9273-37EA2AD933E6}.Debug|x86.ActiveCfg = Debug|Win32
		{83D0C3BA-56FE-490F-9273-37EA2AD933E6}.Debug|x86.Build.0 = Debug|Win32
		{83D0C3BA-56FE-490F-9273-37EA2AD933E6}.Release|x64.ActiveCfg = Release|x64
		{83D0C3BA-56FE-490F-9273-37EA2AD933E6}.Release|x64.Build.0 = Release|x64
		{83D0C3BA-56FE-490F-9273-37EA2AD933E6}.Release|x86.ActiveCfg = Release|Win32
		{83D0C3BA-56FE-490F-9273-37EA2AD933E6}.Release|x86.Build.0 = Release|Win32
		{6D711928-C511-4F8C-94D9-C7174B629628}.Debug|x64.ActiveCfg = Debug|x64
		{6D711928-C511-4F8C-94D9-C7174B629628}.Debug|x64.Build.0 = Debug|x64
		{6D711928-C511-4F8C-94D9-C7174B629628}.Debug|x86.ActiveCfg = Debug|Win32
		{6D711928-C511-4F8C-94D9-C7174B629628}.Debug|x86.Build.0 = Debug|Win32
		{6D711928-C511-4F8C-94D9-C7174B629628}.Release|x64.ActiveCfg = Release|x64
		{6D711928-C511-4F8C-94D9-C7174B629628}.Release|x64.Build.0 = Release|x64
		{6D711928-C511-4F8C-94D9-C7174B629628}.Release|x86.ActiveCfg = Release|Win32
		{6D711928-C511-4F8C-94D9-C7174B629628}.Release|x86.Build.0 = Release|Win32
	EndGlobalSection
	GlobalSection(SolutionProperties) = preSolution
		HideSolutionNode = FALSE
	EndGlobalSection
	GlobalSection(ExtensibilityGlobals) = postSolution
		SolutionGuid = {9CAEA07F-D108-4806-95BD-10E874CB0952}
	EndGlobalSection
EndGlobal
